
Microsoft Visual Studio Solution File, Format Version 10.00
# Visual Studio 2008
Project("{8BC9CEB8-8B4A-11D0-8D11-00A0C91BC942}") = "realbot_mm", "realbot_mm.vcproj", "{0AE0F290-F98C-402E-9F35-329A88708328}"
EndProject
Global
	GlobalSection(SolutionConfigurationPlatforms) = preSolution
		Release|Win32 = Release|Win32
	EndGlobalSection
	GlobalSection(ProjectConfigurationPlatforms) = postSolution
		{0AE0F290-F98C-402E-9F35-329A88708328}.Release|Win32.ActiveCfg = Release|Win32
		{0AE0F290-F98C-402E-9F35-329A88708328}.Release|Win32.Build.0 = Release|Win32
	EndGlobalSection
	GlobalSection(SolutionProperties) = preSolution
		HideSolutionNode = FALSE
	EndGlobalSection
EndGlobal
